
Microsoft Visual Studio Solution File, Format Version 12.00
# Visual Studio Version 17
VisualStudioVersion = 17.0.31903.59
MinimumVisualStudioVersion = 10.0.40219.1
Project("{FAE04EC0-301F-11D3-BF4B-00C04F79EFBC}") = "RiverBooks.Web", "RiverBooks.Web\RiverBooks.Web.csproj", "{9FCEA4C8-787B-4C3B-91EE-186964C3BA83}"
EndProject
Project("{FAE04EC0-301F-11D3-BF4B-00C04F79EFBC}") = "RiverBooks.Books", "RiverBooks.Books\RiverBooks.Books.csproj", "{C049BA9A-32C8-4569-B284-FFA6CCDCCB75}"
EndProject
Project("{FAE04EC0-301F-11D3-BF4B-00C04F79EFBC}") = "RiverBooks.Books.Tests", "RiverBooks.Books.Tests\RiverBooks.Books.Tests.csproj", "{BAE8C78B-FE8C-4F8F-AA18-0E1C809CDC45}"
EndProject
Project("{FAE04EC0-301F-11D3-BF4B-00C04F79EFBC}") = "RiverBooks.Users", "RiverBooks.Users\RiverBooks.Users.csproj", "{E48A1F5A-0F14-4BB7-8387-5DD581702CDF}"
EndProject
Project("{FAE04EC0-301F-11D3-BF4B-00C04F79EFBC}") = "RiverBooks.Books.Contracts", "RiverBooks.Books.Contracts\RiverBooks.Books.Contracts.csproj", "{79867631-DD98-48EE-8CF0-8337E5F284D0}"
EndProject
Project("{FAE04EC0-301F-11D3-BF4B-00C04F79EFBC}") = "RiverBooks.OrderProcessing", "RiverBooks.OrderProcessing\RiverBooks.OrderProcessing.csproj", "{8542635C-8DDB-4A23-8B22-43BC96654831}"
EndProject
Project("{FAE04EC0-301F-11D3-BF4B-00C04F79EFBC}") = "RiverBooks.OrderProcessing.Contracts", "RiverBooks.OrderProcessing.Contracts\RiverBooks.OrderProcessing.Contracts.csproj", "{EF0B2903-B138-49B8-895A-52D8C881D8A9}"
EndProject
Project("{FAE04EC0-301F-11D3-BF4B-00C04F79EFBC}") = "RiverBooks.Users.Contracts", "RiverBooks.Users.Contracts\RiverBooks.Users.Contracts.csproj", "{A77DC32D-FF88-4C59-9CAB-1197D0508CD9}"
EndProject
Project("{FAE04EC0-301F-11D3-BF4B-00C04F79EFBC}") = "RiverBooks.SharedKernel", "RiverBooks.SharedKernel\RiverBooks.SharedKernel.csproj", "{242DBCAB-31B7-478D-9498-4DD05D16E910}"
EndProject
Project("{2150E333-8FDC-42A3-9474-1A3956D46DE8}") = "Books", "Books", "{02EA681E-C7D8-13C7-8484-4AC65E1B71E8}"
EndProject
Project("{2150E333-8FDC-42A3-9474-1A3956D46DE8}") = "OrderProcessing", "OrderProcessing", "{F86DE267-238D-4202-ADEC-E9A17928805D}"
EndProject
Project("{2150E333-8FDC-42A3-9474-1A3956D46DE8}") = "Users", "Users", "{1C6A30E8-5629-47DD-BCEC-C2EAE4F60478}"
EndProject
Project("{FAE04EC0-301F-11D3-BF4B-00C04F79EFBC}") = "RiverBooks.OrderProcessing.Tests", "RiverBooks.OrderProcessing.Tests\RiverBooks.OrderProcessing.Tests.csproj", "{7FD33CE2-3448-14D5-437E-96FBD26B4EBC}"
EndProject
Project("{2150E333-8FDC-42A3-9474-1A3956D46DE8}") = "EmailSending", "EmailSending", "{D0BB1D3D-DD48-42B6-A03C-14BF4A3FC254}"
EndProject
Project("{FAE04EC0-301F-11D3-BF4B-00C04F79EFBC}") = "RiverBooks.EmailSending", "RiverBooks.EmailSending\RiverBooks.EmailSending.csproj", "{6319AD96-EB25-4AA1-8C01-7B5E4CA1DF55}"
EndProject
Project("{FAE04EC0-301F-11D3-BF4B-00C04F79EFBC}") = "RiverBooks.EmailSending.Contracts", "RiverBooks.EmailSending.Contracts\RiverBooks.EmailSending.Contracts.csproj", "{2CB1CFE1-39E1-4286-A90C-5DF8844CB9F8}"
EndProject
Global
	GlobalSection(SolutionConfigurationPlatforms) = preSolution
		Debug|Any CPU = Debug|Any CPU
		Debug|x64 = Debug|x64
		Debug|x86 = Debug|x86
		Release|Any CPU = Release|Any CPU
		Release|x64 = Release|x64
		Release|x86 = Release|x86
	EndGlobalSection
	GlobalSection(ProjectConfigurationPlatforms) = postSolution
		{9FCEA4C8-787B-4C3B-91EE-186964C3BA83}.Debug|Any CPU.ActiveCfg = Debug|Any CPU
		{9FCEA4C8-787B-4C3B-91EE-186964C3BA83}.Debug|Any CPU.Build.0 = Debug|Any CPU
		{9FCEA4C8-787B-4C3B-91EE-186964C3BA83}.Debug|x64.ActiveCfg = Debug|Any CPU
		{9FCEA4C8-787B-4C3B-91EE-186964C3BA83}.Debug|x64.Build.0 = Debug|Any CPU
		{9FCEA4C8-787B-4C3B-91EE-186964C3BA83}.Debug|x86.ActiveCfg = Debug|Any CPU
		{9FCEA4C8-787B-4C3B-91EE-186964C3BA83}.Debug|x86.Build.0 = Debug|Any CPU
		{9FCEA4C8-787B-4C3B-91EE-186964C3BA83}.Release|Any CPU.ActiveCfg = Release|Any CPU
		{9FCEA4C8-787B-4C3B-91EE-186964C3BA83}.Release|Any CPU.Build.0 = Release|Any CPU
		{9FCEA4C8-787B-4C3B-91EE-186964C3BA83}.Release|x64.ActiveCfg = Release|Any CPU
		{9FCEA4C8-787B-4C3B-91EE-186964C3BA83}.Release|x64.Build.0 = Release|Any CPU
		{9FCEA4C8-787B-4C3B-91EE-186964C3BA83}.Release|x86.ActiveCfg = Release|Any CPU
		{9FCEA4C8-787B-4C3B-91EE-186964C3BA83}.Release|x86.Build.0 = Release|Any CPU
		{C049BA9A-32C8-4569-B284-FFA6CCDCCB75}.Debug|Any CPU.ActiveCfg = Debug|Any CPU
		{C049BA9A-32C8-4569-B284-FFA6CCDCCB75}.Debug|Any CPU.Build.0 = Debug|Any CPU
		{C049BA9A-32C8-4569-B284-FFA6CCDCCB75}.Debug|x64.ActiveCfg = Debug|Any CPU
		{C049BA9A-32C8-4569-B284-FFA6CCDCCB75}.Debug|x64.Build.0 = Debug|Any CPU
		{C049BA9A-32C8-4569-B284-FFA6CCDCCB75}.Debug|x86.ActiveCfg = Debug|Any CPU
		{C049BA9A-32C8-4569-B284-FFA6CCDCCB75}.Debug|x86.Build.0 = Debug|Any CPU
		{C049BA9A-32C8-4569-B284-FFA6CCDCCB75}.Release|Any CPU.ActiveCfg = Release|Any CPU
		{C049BA9A-32C8-4569-B284-FFA6CCDCCB75}.Release|Any CPU.Build.0 = Release|Any CPU
		{C049BA9A-32C8-4569-B284-FFA6CCDCCB75}.Release|x64.ActiveCfg = Release|Any CPU
		{C049BA9A-32C8-4569-B284-FFA6CCDCCB75}.Release|x64.Build.0 = Release|Any CPU
		{C049BA9A-32C8-4569-B284-FFA6CCDCCB75}.Release|x86.ActiveCfg = Release|Any CPU
		{C049BA9A-32C8-4569-B284-FFA6CCDCCB75}.Release|x86.Build.0 = Release|Any CPU
		{BAE8C78B-FE8C-4F8F-AA18-0E1C809CDC45}.Debug|Any CPU.ActiveCfg = Debug|Any CPU
		{BAE8C78B-FE8C-4F8F-AA18-0E1C809CDC45}.Debug|Any CPU.Build.0 = Debug|Any CPU
		{BAE8C78B-FE8C-4F8F-AA18-0E1C809CDC45}.Debug|x64.ActiveCfg = Debug|Any CPU
		{BAE8C78B-FE8C-4F8F-AA18-0E1C809CDC45}.Debug|x64.Build.0 = Debug|Any CPU
		{BAE8C78B-FE8C-4F8F-AA18-0E1C809CDC45}.Debug|x86.ActiveCfg = Debug|Any CPU
		{BAE8C78B-FE8C-4F8F-AA18-0E1C809CDC45}.Debug|x86.Build.0 = Debug|Any CPU
		{BAE8C78B-FE8C-4F8F-AA18-0E1C809CDC45}.Release|Any CPU.ActiveCfg = Release|Any CPU
		{BAE8C78B-FE8C-4F8F-AA18-0E1C809CDC45}.Release|Any CPU.Build.0 = Release|Any CPU
		{BAE8C78B-FE8C-4F8F-AA18-0E1C809CDC45}.Release|x64.ActiveCfg = Release|Any CPU
		{BAE8C78B-FE8C-4F8F-AA18-0E1C809CDC45}.Release|x64.Build.0 = Release|Any CPU
		{BAE8C78B-FE8C-4F8F-AA18-0E1C809CDC45}.Release|x86.ActiveCfg = Release|Any CPU
		{BAE8C78B-FE8C-4F8F-AA18-0E1C809CDC45}.Release|x86.Build.0 = Release|Any CPU
		{E48A1F5A-0F14-4BB7-8387-5DD581702CDF}.Debug|Any CPU.ActiveCfg = Debug|Any CPU
		{E48A1F5A-0F14-4BB7-8387-5DD581702CDF}.Debug|Any CPU.Build.0 = Debug|Any CPU
		{E48A1F5A-0F14-4BB7-8387-5DD581702CDF}.Debug|x64.ActiveCfg = Debug|Any CPU
		{E48A1F5A-0F14-4BB7-8387-5DD581702CDF}.Debug|x64.Build.0 = Debug|Any CPU
		{E48A1F5A-0F14-4BB7-8387-5DD581702CDF}.Debug|x86.ActiveCfg = Debug|Any CPU
		{E48A1F5A-0F14-4BB7-8387-5DD581702CDF}.Debug|x86.Build.0 = Debug|Any CPU
		{E48A1F5A-0F14-4BB7-8387-5DD581702CDF}.Release|Any CPU.ActiveCfg = Release|Any CPU
		{E48A1F5A-0F14-4BB7-8387-5DD581702CDF}.Release|Any CPU.Build.0 = Release|Any CPU
		{E48A1F5A-0F14-4BB7-8387-5DD581702CDF}.Release|x64.ActiveCfg = Release|Any CPU
		{E48A1F5A-0F14-4BB7-8387-5DD581702CDF}.Release|x64.Build.0 = Release|Any CPU
		{E48A1F5A-0F14-4BB7-8387-5DD581702CDF}.Release|x86.ActiveCfg = Release|Any CPU
		{E48A1F5A-0F14-4BB7-8387-5DD581702CDF}.Release|x86.Build.0 = Release|Any CPU
		{79867631-DD98-48EE-8CF0-8337E5F284D0}.Debug|Any CPU.ActiveCfg = Debug|Any CPU
		{79867631-DD98-48EE-8CF0-8337E5F284D0}.Debug|Any CPU.Build.0 = Debug|Any CPU
		{79867631-DD98-48EE-8CF0-8337E5F284D0}.Debug|x64.ActiveCfg = Debug|Any CPU
		{79867631-DD98-48EE-8CF0-8337E5F284D0}.Debug|x64.Build.0 = Debug|Any CPU
		{79867631-DD98-48EE-8CF0-8337E5F284D0}.Debug|x86.ActiveCfg = Debug|Any CPU
		{79867631-DD98-48EE-8CF0-8337E5F284D0}.Debug|x86.Build.0 = Debug|Any CPU
		{79867631-DD98-48EE-8CF0-8337E5F284D0}.Release|Any CPU.ActiveCfg = Release|Any CPU
		{79867631-DD98-48EE-8CF0-8337E5F284D0}.Release|Any CPU.Build.0 = Release|Any CPU
		{79867631-DD98-48EE-8CF0-8337E5F284D0}.Release|x64.ActiveCfg = Release|Any CPU
		{79867631-DD98-48EE-8CF0-8337E5F284D0}.Release|x64.Build.0 = Release|Any CPU
		{79867631-DD98-48EE-8CF0-8337E5F284D0}.Release|x86.ActiveCfg = Release|Any CPU
		{79867631-DD98-48EE-8CF0-8337E5F284D0}.Release|x86.Build.0 = Release|Any CPU
		{8542635C-8DDB-4A23-8B22-43BC96654831}.Debug|Any CPU.ActiveCfg = Debug|Any CPU
		{8542635C-8DDB-4A23-8B22-43BC96654831}.Debug|Any CPU.Build.0 = Debug|Any CPU
		{8542635C-8DDB-4A23-8B22-43BC96654831}.Debug|x64.ActiveCfg = Debug|Any CPU
		{8542635C-8DDB-4A23-8B22-43BC96654831}.Debug|x64.Build.0 = Debug|Any CPU
		{8542635C-8DDB-4A23-8B22-43BC96654831}.Debug|x86.ActiveCfg = Debug|Any CPU
		{8542635C-8DDB-4A23-8B22-43BC96654831}.Debug|x86.Build.0 = Debug|Any CPU
		{8542635C-8DDB-4A23-8B22-43BC96654831}.Release|Any CPU.ActiveCfg = Release|Any CPU
		{8542635C-8DDB-4A23-8B22-43BC96654831}.Release|Any CPU.Build.0 = Release|Any CPU
		{8542635C-8DDB-4A23-8B22-43BC96654831}.Release|x64.ActiveCfg = Release|Any CPU
		{8542635C-8DDB-4A23-8B22-43BC96654831}.Release|x64.Build.0 = Release|Any CPU
		{8542635C-8DDB-4A23-8B22-43BC96654831}.Release|x86.ActiveCfg = Release|Any CPU
		{8542635C-8DDB-4A23-8B22-43BC96654831}.Release|x86.Build.0 = Release|Any CPU
		{EF0B2903-B138-49B8-895A-52D8C881D8A9}.Debug|Any CPU.ActiveCfg = Debug|Any CPU
		{EF0B2903-B138-49B8-895A-52D8C881D8A9}.Debug|Any CPU.Build.0 = Debug|Any CPU
		{EF0B2903-B138-49B8-895A-52D8C881D8A9}.Debug|x64.ActiveCfg = Debug|Any CPU
		{EF0B2903-B138-49B8-895A-52D8C881D8A9}.Debug|x64.Build.0 = Debug|Any CPU
		{EF0B2903-B138-49B8-895A-52D8C881D8A9}.Debug|x86.ActiveCfg = Debug|Any CPU
		{EF0B2903-B138-49B8-895A-52D8C881D8A9}.Debug|x86.Build.0 = Debug|Any CPU
		{EF0B2903-B138-49B8-895A-52D8C881D8A9}.Release|Any CPU.ActiveCfg = Release|Any CPU
		{EF0B2903-B138-49B8-895A-52D8C881D8A9}.Release|Any CPU.Build.0 = Release|Any CPU
		{EF0B2903-B138-49B8-895A-52D8C881D8A9}.Release|x64.ActiveCfg = Release|Any CPU
		{EF0B2903-B138-49B8-895A-52D8C881D8A9}.Release|x64.Build.0 = Release|Any CPU
		{EF0B2903-B138-49B8-895A-52D8C881D8A9}.Release|x86.ActiveCfg = Release|Any CPU
		{EF0B2903-B138-49B8-895A-52D8C881D8A9}.Release|x86.Build.0 = Release|Any CPU
		{A77DC32D-FF88-4C59-9CAB-1197D0508CD9}.Debug|Any CPU.ActiveCfg = Debug|Any CPU
		{A77DC32D-FF88-4C59-9CAB-1197D0508CD9}.Debug|Any CPU.Build.0 = Debug|Any CPU
		{A77DC32D-FF88-4C59-9CAB-1197D0508CD9}.Debug|x64.ActiveCfg = Debug|Any CPU
		{A77DC32D-FF88-4C59-9CAB-1197D0508CD9}.Debug|x64.Build.0 = Debug|Any CPU
		{A77DC32D-FF88-4C59-9CAB-1197D0508CD9}.Debug|x86.ActiveCfg = Debug|Any CPU
		{A77DC32D-FF88-4C59-9CAB-1197D0508CD9}.Debug|x86.Build.0 = Debug|Any CPU
		{A77DC32D-FF88-4C59-9CAB-1197D0508CD9}.Release|Any CPU.ActiveCfg = Release|Any CPU
		{A77DC32D-FF88-4C59-9CAB-1197D0508CD9}.Release|Any CPU.Build.0 = Release|Any CPU
		{A77DC32D-FF88-4C59-9CAB-1197D0508CD9}.Release|x64.ActiveCfg = Release|Any CPU
		{A77DC32D-FF88-4C59-9CAB-1197D0508CD9}.Release|x64.Build.0 = Release|Any CPU
		{A77DC32D-FF88-4C59-9CAB-1197D0508CD9}.Release|x86.ActiveCfg = Release|Any CPU
		{A77DC32D-FF88-4C59-9CAB-1197D0508CD9}.Release|x86.Build.0 = Release|Any CPU
		{242DBCAB-31B7-478D-9498-4DD05D16E910}.Debug|Any CPU.ActiveCfg = Debug|Any CPU
		{242DBCAB-31B7-478D-9498-4DD05D16E910}.Debug|Any CPU.Build.0 = Debug|Any CPU
		{242DBCAB-31B7-478D-9498-4DD05D16E910}.Debug|x64.ActiveCfg = Debug|Any CPU
		{242DBCAB-31B7-478D-9498-4DD05D16E910}.Debug|x64.Build.0 = Debug|Any CPU
		{242DBCAB-31B7-478D-9498-4DD05D16E910}.Debug|x86.ActiveCfg = Debug|Any CPU
		{242DBCAB-31B7-478D-9498-4DD05D16E910}.Debug|x86.Build.0 = Debug|Any CPU
		{242DBCAB-31B7-478D-9498-4DD05D16E910}.Release|Any CPU.ActiveCfg = Release|Any CPU
		{242DBCAB-31B7-478D-9498-4DD05D16E910}.Release|Any CPU.Build.0 = Release|Any CPU
		{242DBCAB-31B7-478D-9498-4DD05D16E910}.Release|x64.ActiveCfg = Release|Any CPU
		{242DBCAB-31B7-478D-9498-4DD05D16E910}.Release|x64.Build.0 = Release|Any CPU
		{242DBCAB-31B7-478D-9498-4DD05D16E910}.Release|x86.ActiveCfg = Release|Any CPU
		{242DBCAB-31B7-478D-9498-4DD05D16E910}.Release|x86.Build.0 = Release|Any CPU
		{7FD33CE2-3448-14D5-437E-96FBD26B4EBC}.Debug|Any CPU.ActiveCfg = Debug|Any CPU
		{7FD33CE2-3448-14D5-437E-96FBD26B4EBC}.Debug|Any CPU.Build.0 = Debug|Any CPU
		{7FD33CE2-3448-14D5-437E-96FBD26B4EBC}.Debug|x64.ActiveCfg = Debug|Any CPU
		{7FD33CE2-3448-14D5-437E-96FBD26B4EBC}.Debug|x64.Build.0 = Debug|Any CPU
		{7FD33CE2-3448-14D5-437E-96FBD26B4EBC}.Debug|x86.ActiveCfg = Debug|Any CPU
		{7FD33CE2-3448-14D5-437E-96FBD26B4EBC}.Debug|x86.Build.0 = Debug|Any CPU
		{7FD33CE2-3448-14D5-437E-96FBD26B4EBC}.Release|Any CPU.ActiveCfg = Release|Any CPU
		{7FD33CE2-3448-14D5-437E-96FBD26B4EBC}.Release|Any CPU.Build.0 = Release|Any CPU
		{7FD33CE2-3448-14D5-437E-96FBD26B4EBC}.Release|x64.ActiveCfg = Release|Any CPU
		{7FD33CE2-3448-14D5-437E-96FBD26B4EBC}.Release|x64.Build.0 = Release|Any CPU
		{7FD33CE2-3448-14D5-437E-96FBD26B4EBC}.Release|x86.ActiveCfg = Release|Any CPU
		{7FD33CE2-3448-14D5-437E-96FBD26B4EBC}.Release|x86.Build.0 = Release|Any CPU
		{6319AD96-EB25-4AA1-8C01-7B5E4CA1DF55}.Debug|Any CPU.ActiveCfg = Debug|Any CPU
		{6319AD96-EB25-4AA1-8C01-7B5E4CA1DF55}.Debug|Any CPU.Build.0 = Debug|Any CPU
		{6319AD96-EB25-4AA1-8C01-7B5E4CA1DF55}.Debug|x64.ActiveCfg = Debug|Any CPU
		{6319AD96-EB25-4AA1-8C01-7B5E4CA1DF55}.Debug|x64.Build.0 = Debug|Any CPU
		{6319AD96-EB25-4AA1-8C01-7B5E4CA1DF55}.Debug|x86.ActiveCfg = Debug|Any CPU
		{6319AD96-EB25-4AA1-8C01-7B5E4CA1DF55}.Debug|x86.Build.0 = Debug|Any CPU
		{6319AD96-EB25-4AA1-8C01-7B5E4CA1DF55}.Release|Any CPU.ActiveCfg = Release|Any CPU
		{6319AD96-EB25-4AA1-8C01-7B5E4CA1DF55}.Release|Any CPU.Build.0 = Release|Any CPU
		{6319AD96-EB25-4AA1-8C01-7B5E4CA1DF55}.Release|x64.ActiveCfg = Release|Any CPU
		{6319AD96-EB25-4AA1-8C01-7B5E4CA1DF55}.Release|x64.Build.0 = Release|Any CPU
		{6319AD96-EB25-4AA1-8C01-7B5E4CA1DF55}.Release|x86.ActiveCfg = Release|Any CPU
		{6319AD96-EB25-4AA1-8C01-7B5E4CA1DF55}.Release|x86.Build.0 = Release|Any CPU
		{2CB1CFE1-39E1-4286-A90C-5DF8844CB9F8}.Debug|Any CPU.ActiveCfg = Debug|Any CPU
		{2CB1CFE1-39E1-4286-A90C-5DF8844CB9F8}.Debug|Any CPU.Build.0 = Debug|Any CPU
		{2CB1CFE1-39E1-4286-A90C-5DF8844CB9F8}.Debug|x64.ActiveCfg = Debug|Any CPU
		{2CB1CFE1-39E1-4286-A90C-5DF8844CB9F8}.Debug|x64.Build.0 = Debug|Any CPU
		{2CB1CFE1-39E1-4286-A90C-5DF8844CB9F8}.Debug|x86.ActiveCfg = Debug|Any CPU
		{2CB1CFE1-39E1-4286-A90C-5DF8844CB9F8}.Debug|x86.Build.0 = Debug|Any CPU
		{2CB1CFE1-39E1-4286-A90C-5DF8844CB9F8}.Release|Any CPU.ActiveCfg = Release|Any CPU
		{2CB1CFE1-39E1-4286-A90C-5DF8844CB9F8}.Release|Any CPU.Build.0 = Release|Any CPU
		{2CB1CFE1-39E1-4286-A90C-5DF8844CB9F8}.Release|x64.ActiveCfg = Release|Any CPU
		{2CB1CFE1-39E1-4286-A90C-5DF8844CB9F8}.Release|x64.Build.0 = Release|Any CPU
		{2CB1CFE1-39E1-4286-A90C-5DF8844CB9F8}.Release|x86.ActiveCfg = Release|Any CPU
		{2CB1CFE1-39E1-4286-A90C-5DF8844CB9F8}.Release|x86.Build.0 = Release|Any CPU
	EndGlobalSection
	GlobalSection(SolutionProperties) = preSolution
		HideSolutionNode = FALSE
	EndGlobalSection
	GlobalSection(NestedProjects) = preSolution
		{C049BA9A-32C8-4569-B284-FFA6CCDCCB75} = {02EA681E-C7D8-13C7-8484-4AC65E1B71E8}
		{BAE8C78B-FE8C-4F8F-AA18-0E1C809CDC45} = {02EA681E-C7D8-13C7-8484-4AC65E1B71E8}
		{E48A1F5A-0F14-4BB7-8387-5DD581702CDF} = {1C6A30E8-5629-47DD-BCEC-C2EAE4F60478}
		{79867631-DD98-48EE-8CF0-8337E5F284D0} = {02EA681E-C7D8-13C7-8484-4AC65E1B71E8}
		{8542635C-8DDB-4A23-8B22-43BC96654831} = {F86DE267-238D-4202-ADEC-E9A17928805D}
		{EF0B2903-B138-49B8-895A-52D8C881D8A9} = {F86DE267-238D-4202-ADEC-E9A17928805D}
		{A77DC32D-FF88-4C59-9CAB-1197D0508CD9} = {1C6A30E8-5629-47DD-BCEC-C2EAE4F60478}
		{7FD33CE2-3448-14D5-437E-96FBD26B4EBC} = {F86DE267-238D-4202-ADEC-E9A17928805D}
		{6319AD96-EB25-4AA1-8C01-7B5E4CA1DF55} = {D0BB1D3D-DD48-42B6-A03C-14BF4A3FC254}
		{2CB1CFE1-39E1-4286-A90C-5DF8844CB9F8} = {D0BB1D3D-DD48-42B6-A03C-14BF4A3FC254}
	EndGlobalSection
	GlobalSection(ExtensibilityGlobals) = postSolution
		SolutionGuid = {14ABD88E-A730-41FA-9579-32861CD60565}
	EndGlobalSection
EndGlobal
